
Microsoft Visual Studio Solution File, Format Version 12.00
# Visual Studio Version 16
VisualStudioVersion = 16.0.29926.136
MinimumVisualStudioVersion = 10.0.40219.1
Project("{9A19103F-16F7-4668-BE54-9A1E7A4F7556}") = "CalendarEvents.IDP", "CalendarEvents.IDP.csproj", "{8119958D-304F-4E7D-AC71-42471C25D986}"
EndProject
Global
	GlobalSection(SolutionConfigurationPlatforms) = preSolution
		Debug|Any CPU = Debug|Any CPU
		Release|Any CPU = Release|Any CPU
	EndGlobalSection
	GlobalSection(ProjectConfigurationPlatforms) = postSolution
		{8119958D-304F-4E7D-AC71-42471C25D986}.Debug|Any CPU.ActiveCfg = Debug|Any CPU
		{8119958D-304F-4E7D-AC71-42471C25D986}.Debug|Any CPU.Build.0 = Debug|Any CPU
		{8119958D-304F-4E7D-AC71-42471C25D986}.Release|Any CPU.ActiveCfg = Release|Any CPU
		{8119958D-304F-4E7D-AC71-42471C25D986}.Release|Any CPU.Build.0 = Release|Any CPU
	EndGlobalSection
	GlobalSection(SolutionProperties) = preSolution
		HideSolutionNode = FALSE
	EndGlobalSection
	GlobalSection(ExtensibilityGlobals) = postSolution
		SolutionGuid = {19C7DC47-3106-4973-9A77-FD4E23F2CAB4}
	EndGlobalSection
EndGlobal
